// !$*UTF8*$!
{
	archiveVersion = 1;
	classes = {
	};
	objectVersion = 56;
	objects = {

/* Begin PBXBuildFile section */
		824267212CA1884900527CD9 /* AppDelegate.swift in Sources */ = {isa = PBXBuildFile; fileRef = 824267202CA1884900527CD9 /* AppDelegate.swift */; };
		824267232CA1884900527CD9 /* SceneDelegate.swift in Sources */ = {isa = PBXBuildFile; fileRef = 824267222CA1884900527CD9 /* SceneDelegate.swift */; };
		824267252CA1884900527CD9 /* ViewController.swift in Sources */ = {isa = PBXBuildFile; fileRef = 824267242CA1884900527CD9 /* ViewController.swift */; };
		824267282CA1884900527CD9 /* Main.storyboard in Resources */ = {isa = PBXBuildFile; fileRef = 824267262CA1884900527CD9 /* Main.storyboard */; };
		8242672A2CA1884B00527CD9 /* Assets.xcassets in Resources */ = {isa = PBXBuildFile; fileRef = 824267292CA1884B00527CD9 /* Assets.xcassets */; };
		8242672D2CA1884B00527CD9 /* LaunchScreen.storyboard in Resources */ = {isa = PBXBuildFile; fileRef = 8242672B2CA1884B00527CD9 /* LaunchScreen.storyboard */; };
		824267382CA1884B00527CD9 /* UniversityAppTests.swift in Sources */ = {isa = PBXBuildFile; fileRef = 824267372CA1884B00527CD9 /* UniversityAppTests.swift */; };
		824267422CA1884B00527CD9 /* UniversityAppUITests.swift in Sources */ = {isa = PBXBuildFile; fileRef = 824267412CA1884B00527CD9 /* UniversityAppUITests.swift */; };
		824267442CA1884B00527CD9 /* UniversityAppUITestsLaunchTests.swift in Sources */ = {isa = PBXBuildFile; fileRef = 824267432CA1884B00527CD9 /* UniversityAppUITestsLaunchTests.swift */; };
/* End PBXBuildFile section */

/* Begin PBXContainerItemProxy section */
		824267342CA1884B00527CD9 /* PBXContainerItemProxy */ = {
			isa = PBXContainerItemProxy;
			containerPortal = 824267152CA1884900527CD9 /* Project object */;
			proxyType = 1;
			remoteGlobalIDString = 8242671C2CA1884900527CD9;
			remoteInfo = UniversityApp;
		};
		8242673E2CA1884B00527CD9 /* PBXContainerItemProxy */ = {
			isa = PBXContainerItemProxy;
			containerPortal = 824267152CA1884900527CD9 /* Project object */;
			proxyType = 1;
			remoteGlobalIDString = 8242671C2CA1884900527CD9;
			remoteInfo = UniversityApp;
		};
/* End PBXContainerItemProxy section */

/* Begin PBXFileReference section */
		8242671D2CA1884900527CD9 /* UniversityApp.app */ = {isa = PBXFileReference; explicitFileType = wrapper.application; includeInIndex = 0; path = UniversityApp.app; sourceTree = BUILT_PRODUCTS_DIR; };
		824267202CA1884900527CD9 /* AppDelegate.swift */ = {isa = PBXFileReference; lastKnownFileType = sourcecode.swift; path = AppDelegate.swift; sourceTree = "<group>"; };
		824267222CA1884900527CD9 /* SceneDelegate.swift */ = {isa = PBXFileReference; lastKnownFileType = sourcecode.swift; path = SceneDelegate.swift; sourceTree = "<group>"; };
		824267242CA1884900527CD9 /* ViewController.swift */ = {isa = PBXFileReference; lastKnownFileType = sourcecode.swift; path = ViewController.swift; sourceTree = "<group>"; };
		824267272CA1884900527CD9 /* Base */ = {isa = PBXFileReference; lastKnownFileType = file.storyboard; name = Base; path = Base.lproj/Main.storyboard; sourceTree = "<group>"; };
		824267292CA1884B00527CD9 /* Assets.xcassets */ = {isa = PBXFileReference; lastKnownFileType = folder.assetcatalog; path = Assets.xcassets; sourceTree = "<group>"; };
		8242672C2CA1884B00527CD9 /* Base */ = {isa = PBXFileReference; lastKnownFileType = file.storyboard; name = Base; path = Base.lproj/LaunchScreen.storyboard; sourceTree = "<group>"; };
		8242672E2CA1884B00527CD9 /* Info.plist */ = {isa = PBXFileReference; lastKnownFileType = text.plist.xml; path = Info.plist; sourceTree = "<group>"; };
		824267332CA1884B00527CD9 /* UniversityAppTests.xctest */ = {isa = PBXFileReference; explicitFileType = wrapper.cfbundle; includeInIndex = 0; path = UniversityAppTests.xctest; sourceTree = BUILT_PRODUCTS_DIR; };
		824267372CA1884B00527CD9 /* UniversityAppTests.swift */ = {isa = PBXFileReference; lastKnownFileType = sourcecode.swift; path = UniversityAppTests.swift; sourceTree = "<group>"; };
		8242673D2CA1884B00527CD9 /* UniversityAppUITests.xctest */ = {isa = PBXFileReference; explicitFileType = wrapper.cfbundle; includeInIndex = 0; path = UniversityAppUITests.xctest; sourceTree = BUILT_PRODUCTS_DIR; };
		824267412CA1884B00527CD9 /* UniversityAppUITests.swift */ = {isa = PBXFileReference; lastKnownFileType = sourcecode.swift; path = UniversityAppUITests.swift; sourceTree = "<group>"; };
		824267432CA1884B00527CD9 /* UniversityAppUITestsLaunchTests.swift */ = {isa = PBXFileReference; lastKnownFileType = sourcecode.swift; path = UniversityAppUITestsLaunchTests.swift; sourceTree = "<group>"; };
/* End PBXFileReference section */

/* Begin PBXFrameworksBuildPhase section */
		8242671A2CA1884900527CD9 /* Frameworks */ = {
			isa = PBXFrameworksBuildPhase;
			buildActionMask = 2147483647;
			files = (
			);
			runOnlyForDeploymentPostprocessing = 0;
		};
		824267302CA1884B00527CD9 /* Frameworks */ = {
			isa = PBXFrameworksBuildPhase;
			buildActionMask = 2147483647;
			files = (
			);
			runOnlyForDeploymentPostprocessing = 0;
		};
		8242673A2CA1884B00527CD9 /* Frameworks */ = {
			isa = PBXFrameworksBuildPhase;
			buildActionMask = 2147483647;
			files = (
			);
			runOnlyForDeploymentPostprocessing = 0;
		};
/* End PBXFrameworksBuildPhase section */

/* Begin PBXGroup section */
		824267142CA1884900527CD9 = {
			isa = PBXGroup;
			children = (
				8242671F2CA1884900527CD9 /* UniversityApp */,
				824267362CA1884B00527CD9 /* UniversityAppTests */,
				824267402CA1884B00527CD9 /* UniversityAppUITests */,
				8242671E2CA1884900527CD9 /* Products */,
			);
			sourceTree = "<group>";
		};
		8242671E2CA1884900527CD9 /* Products */ = {
			isa = PBXGroup;
			children = (
				8242671D2CA1884900527CD9 /* UniversityApp.app */,
				824267332CA1884B00527CD9 /* UniversityAppTests.xctest */,
				8242673D2CA1884B00527CD9 /* UniversityAppUITests.xctest */,
			);
			name = Products;
			sourceTree = "<group>";
		};
		8242671F2CA1884900527CD9 /* UniversityApp */ = {
			isa = PBXGroup;
			children = (
				824267202CA1884900527CD9 /* AppDelegate.swift */,
				824267222CA1884900527CD9 /* SceneDelegate.swift */,
				824267242CA1884900527CD9 /* ViewController.swift */,
				824267262CA1884900527CD9 /* Main.storyboard */,
				824267292CA1884B00527CD9 /* Assets.xcassets */,
				8242672B2CA1884B00527CD9 /* LaunchScreen.storyboard */,
				8242672E2CA1884B00527CD9 /* Info.plist */,
			);
			path = UniversityApp;
			sourceTree = "<group>";
		};
		824267362CA1884B00527CD9 /* UniversityAppTests */ = {
			isa = PBXGroup;
			children = (
				824267372CA1884B00527CD9 /* UniversityAppTests.swift */,
			);
			path = UniversityAppTests;
			sourceTree = "<group>";
		};
		824267402CA1884B00527CD9 /* UniversityAppUITests */ = {
			isa = PBXGroup;
			children = (
				824267412CA1884B00527CD9 /* UniversityAppUITests.swift */,
				824267432CA1884B00527CD9 /* UniversityAppUITestsLaunchTests.swift */,
			);
			path = UniversityAppUITests;
			sourceTree = "<group>";
		};
/* End PBXGroup section */

/* Begin PBXNativeTarget section */
		8242671C2CA1884900527CD9 /* UniversityApp */ = {
			isa = PBXNativeTarget;
			buildConfigurationList = 824267472CA1884B00527CD9 /* Build configuration list for PBXNativeTarget "UniversityApp" */;
			buildPhases = (
				824267192CA1884900527CD9 /* Sources */,
				8242671A2CA1884900527CD9 /* Frameworks */,
				8242671B2CA1884900527CD9 /* Resources */,
			);
			buildRules = (
			);
			dependencies = (
			);
			name = UniversityApp;
			productName = UniversityApp;
			productReference = 8242671D2CA1884900527CD9 /* UniversityApp.app */;
			productType = "com.apple.product-type.application";
		};
		824267322CA1884B00527CD9 /* UniversityAppTests */ = {
			isa = PBXNativeTarget;
			buildConfigurationList = 8242674A2CA1884B00527CD9 /* Build configuration list for PBXNativeTarget "UniversityAppTests" */;
			buildPhases = (
				8242672F2CA1884B00527CD9 /* Sources */,
				824267302CA1884B00527CD9 /* Frameworks */,
				824267312CA1884B00527CD9 /* Resources */,
			);
			buildRules = (
			);
			dependencies = (
				824267352CA1884B00527CD9 /* PBXTargetDependency */,
			);
			name = UniversityAppTests;
			productName = UniversityAppTests;
			productReference = 824267332CA1884B00527CD9 /* UniversityAppTests.xctest */;
			productType = "com.apple.product-type.bundle.unit-test";
		};
		8242673C2CA1884B00527CD9 /* UniversityAppUITests */ = {
			isa = PBXNativeTarget;
			buildConfigurationList = 8242674D2CA1884B00527CD9 /* Build configuration list for PBXNativeTarget "UniversityAppUITests" */;
			buildPhases = (
				824267392CA1884B00527CD9 /* Sources */,
				8242673A2CA1884B00527CD9 /* Frameworks */,
				8242673B2CA1884B00527CD9 /* Resources */,
			);
			buildRules = (
			);
			dependencies = (
				8242673F2CA1884B00527CD9 /* PBXTargetDependency */,
			);
			name = UniversityAppUITests;
			productName = UniversityAppUITests;
			productReference = 8242673D2CA1884B00527CD9 /* UniversityAppUITests.xctest */;
			productType = "com.apple.product-type.bundle.ui-testing";
		};
/* End PBXNativeTarget section */

/* Begin PBXProject section */
		824267152CA1884900527CD9 /* Project object */ = {
			isa = PBXProject;
			attributes = {
				BuildIndependentTargetsInParallel = 1;
				LastSwiftUpdateCheck = 1420;
				LastUpgradeCheck = 1420;
				TargetAttributes = {
					8242671C2CA1884900527CD9 = {
						CreatedOnToolsVersion = 14.2;
					};
					824267322CA1884B00527CD9 = {
						CreatedOnToolsVersion = 14.2;
						TestTargetID = 8242671C2CA1884900527CD9;
					};
					8242673C2CA1884B00527CD9 = {
						CreatedOnToolsVersion = 14.2;
						TestTargetID = 8242671C2CA1884900527CD9;
					};
				};
			};
			buildConfigurationList = 824267182CA1884900527CD9 /* Build configuration list for PBXProject "UniversityApp" */;
			compatibilityVersion = "Xcode 14.0";
			developmentRegion = en;
			hasScannedForEncodings = 0;
			knownRegions = (
				en,
				Base,
			);
			mainGroup = 824267142CA1884900527CD9;
			productRefGroup = 8242671E2CA1884900527CD9 /* Products */;
			projectDirPath = "";
			projectRoot = "";
			targets = (
				8242671C2CA1884900527CD9 /* UniversityApp */,
				824267322CA1884B00527CD9 /* UniversityAppTests */,
				8242673C2CA1884B00527CD9 /* UniversityAppUITests */,
			);
		};
/* End PBXProject section */

/* Begin PBXResourcesBuildPhase section */
		8242671B2CA1884900527CD9 /* Resources */ = {
			isa = PBXResourcesBuildPhase;
			buildActionMask = 2147483647;
			files = (
				8242672D2CA1884B00527CD9 /* LaunchScreen.storyboard in Resources */,
				8242672A2CA1884B00527CD9 /* Assets.xcassets in Resources */,
				824267282CA1884900527CD9 /* Main.storyboard in Resources */,
			);
			runOnlyForDeploymentPostprocessing = 0;
		};
		824267312CA1884B00527CD9 /* Resources */ = {
			isa = PBXResourcesBuildPhase;
			buildActionMask = 2147483647;
			files = (
			);
			runOnlyForDeploymentPostprocessing = 0;
		};
		8242673B2CA1884B00527CD9 /* Resources */ = {
			isa = PBXResourcesBuildPhase;
			buildActionMask = 2147483647;
			files = (
			);
			runOnlyForDeploymentPostprocessing = 0;
		};
/* End PBXResourcesBuildPhase section */

/* Begin PBXSourcesBuildPhase section */
		824267192CA1884900527CD9 /* Sources */ = {
			isa = PBXSourcesBuildPhase;
			buildActionMask = 2147483647;
			files = (
				824267252CA1884900527CD9 /* ViewController.swift in Sources */,
				824267212CA1884900527CD9 /* AppDelegate.swift in Sources */,
				824267232CA1884900527CD9 /* SceneDelegate.swift in Sources */,
			);
			runOnlyForDeploymentPostprocessing = 0;
		};
		8242672F2CA1884B00527CD9 /* Sources */ = {
			isa = PBXSourcesBuildPhase;
			buildActionMask = 2147483647;
			files = (
				824267382CA1884B00527CD9 /* UniversityAppTests.swift in Sources */,
			);
			runOnlyForDeploymentPostprocessing = 0;
		};
		824267392CA1884B00527CD9 /* Sources */ = {
			isa = PBXSourcesBuildPhase;
			buildActionMask = 2147483647;
			files = (
				824267442CA1884B00527CD9 /* UniversityAppUITestsLaunchTests.swift in Sources */,
				824267422CA1884B00527CD9 /* UniversityAppUITests.swift in Sources */,
			);
			runOnlyForDeploymentPostprocessing = 0;
		};
/* End PBXSourcesBuildPhase section */

/* Begin PBXTargetDependency section */
		824267352CA1884B00527CD9 /* PBXTargetDependency */ = {
			isa = PBXTargetDependency;
			target = 8242671C2CA1884900527CD9 /* UniversityApp */;
			targetProxy = 824267342CA1884B00527CD9 /* PBXContainerItemProxy */;
		};
		8242673F2CA1884B00527CD9 /* PBXTargetDependency */ = {
			isa = PBXTargetDependency;
			target = 8242671C2CA1884900527CD9 /* UniversityApp */;
			targetProxy = 8242673E2CA1884B00527CD9 /* PBXContainerItemProxy */;
		};
/* End PBXTargetDependency section */

/* Begin PBXVariantGroup section */
		824267262CA1884900527CD9 /* Main.storyboard */ = {
			isa = PBXVariantGroup;
			children = (
				824267272CA1884900527CD9 /* Base */,
			);
			name = Main.storyboard;
			sourceTree = "<group>";
		};
		8242672B2CA1884B00527CD9 /* LaunchScreen.storyboard */ = {
			isa = PBXVariantGroup;
			children = (
				8242672C2CA1884B00527CD9 /* Base */,
			);
			name = LaunchScreen.storyboard;
			sourceTree = "<group>";
		};
/* End PBXVariantGroup section */

/* Begin XCBuildConfiguration section */
		824267452CA1884B00527CD9 /* Debug */ = {
			isa = XCBuildConfiguration;
			buildSettings = {
				ALWAYS_SEARCH_USER_PATHS = NO;
				CLANG_ANALYZER_NONNULL = YES;
				CLANG_ANALYZER_NUMBER_OBJECT_CONVERSION = YES_AGGRESSIVE;
				CLANG_CXX_LANGUAGE_STANDARD = "gnu++20";
				CLANG_ENABLE_MODULES = YES;
				CLANG_ENABLE_OBJC_ARC = YES;
				CLANG_ENABLE_OBJC_WEAK = YES;
				CLANG_WARN_BLOCK_CAPTURE_AUTORELEASING = YES;
				CLANG_WARN_BOOL_CONVERSION = YES;
				CLANG_WARN_COMMA = YES;
				CLANG_WARN_CONSTANT_CONVERSION = YES;
				CLANG_WARN_DEPRECATED_OBJC_IMPLEMENTATIONS = YES;
				CLANG_WARN_DIRECT_OBJC_ISA_USAGE = YES_ERROR;
				CLANG_WARN_DOCUMENTATION_COMMENTS = YES;
				CLANG_WARN_EMPTY_BODY = YES;
				CLANG_WARN_ENUM_CONVERSION = YES;
				CLANG_WARN_INFINITE_RECURSION = YES;
				CLANG_WARN_INT_CONVERSION = YES;
				CLANG_WARN_NON_LITERAL_NULL_CONVERSION = YES;
				CLANG_WARN_OBJC_IMPLICIT_RETAIN_SELF = YES;
				CLANG_WARN_OBJC_LITERAL_CONVERSION = YES;
				CLANG_WARN_OBJC_ROOT_CLASS = YES_ERROR;
				CLANG_WARN_QUOTED_INCLUDE_IN_FRAMEWORK_HEADER = YES;
				CLANG_WARN_RANGE_LOOP_ANALYSIS = YES;
				CLANG_WARN_STRICT_PROTOTYPES = YES;
				CLANG_WARN_SUSPICIOUS_MOVE = YES;
				CLANG_WARN_UNGUARDED_AVAILABILITY = YES_AGGRESSIVE;
				CLANG_WARN_UNREACHABLE_CODE = YES;
				CLANG_WARN__DUPLICATE_METHOD_MATCH = YES;
				COPY_PHASE_STRIP = NO;
				DEBUG_INFORMATION_FORMAT = dwarf;
				ENABLE_STRICT_OBJC_MSGSEND = YES;
				ENABLE_TESTABILITY = YES;
				GCC_C_LANGUAGE_STANDARD = gnu11;
				GCC_DYNAMIC_NO_PIC = NO;
				GCC_NO_COMMON_BLOCKS = YES;
				GCC_OPTIMIZATION_LEVEL = 0;
				GCC_PREPROCESSOR_DEFINITIONS = (
					"DEBUG=1",
					"$(inherited)",
				);
				GCC_WARN_64_TO_32_BIT_CONVERSION = YES;
				GCC_WARN_ABOUT_RETURN_TYPE = YES_ERROR;
				GCC_WARN_UNDECLARED_SELECTOR = YES;
				GCC_WARN_UNINITIALIZED_AUTOS = YES_AGGRESSIVE;
				GCC_WARN_UNUSED_FUNCTION = YES;
				GCC_WARN_UNUSED_VARIABLE = YES;
				IPHONEOS_DEPLOYMENT_TARGET = 16.2;
				MTL_ENABLE_DEBUG_INFO = INCLUDE_SOURCE;
				MTL_FAST_MATH = YES;
				ONLY_ACTIVE_ARCH = YES;
				SDKROOT = iphoneos;
				SWIFT_ACTIVE_COMPILATION_CONDITIONS = DEBUG;
				SWIFT_OPTIMIZATION_LEVEL = "-Onone";
			};
			name = Debug;
		};
		824267462CA1884B00527CD9 /* Release */ = {
			isa = XCBuildConfiguration;
			buildSettings = {
				ALWAYS_SEARCH_USER_PATHS = NO;
				CLANG_ANALYZER_NONNULL = YES;
				CLANG_ANALYZER_NUMBER_OBJECT_CONVERSION = YES_AGGRESSIVE;
				CLANG_CXX_LANGUAGE_STANDARD = "gnu++20";
				CLANG_ENABLE_MODULES = YES;
				CLANG_ENABLE_OBJC_ARC = YES;
				CLANG_ENABLE_OBJC_WEAK = YES;
				CLANG_WARN_BLOCK_CAPTURE_AUTORELEASING = YES;
				CLANG_WARN_BOOL_CONVERSION = YES;
				CLANG_WARN_COMMA = YES;
				CLANG_WARN_CONSTANT_CONVERSION = YES;
				CLANG_WARN_DEPRECATED_OBJC_IMPLEMENTATIONS = YES;
				CLANG_WARN_DIRECT_OBJC_ISA_USAGE = YES_ERROR;
				CLANG_WARN_DOCUMENTATION_COMMENTS = YES;
				CLANG_WARN_EMPTY_BODY = YES;
				CLANG_WARN_ENUM_CONVERSION = YES;
				CLANG_WARN_INFINITE_RECURSION = YES;
				CLANG_WARN_INT_CONVERSION = YES;
				CLANG_WARN_NON_LITERAL_NULL_CONVERSION = YES;
				CLANG_WARN_OBJC_IMPLICIT_RETAIN_SELF = YES;
				CLANG_WARN_OBJC_LITERAL_CONVERSION = YES;
				CLANG_WARN_OBJC_ROOT_CLASS = YES_ERROR;
				CLANG_WARN_QUOTED_INCLUDE_IN_FRAMEWORK_HEADER = YES;
				CLANG_WARN_RANGE_LOOP_ANALYSIS = YES;
				CLANG_WARN_STRICT_PROTOTYPES = YES;
				CLANG_WARN_SUSPICIOUS_MOVE = YES;
				CLANG_WARN_UNGUARDED_AVAILABILITY = YES_AGGRESSIVE;
				CLANG_WARN_UNREACHABLE_CODE = YES;
				CLANG_WARN__DUPLICATE_METHOD_MATCH = YES;
				COPY_PHASE_STRIP = NO;
				DEBUG_INFORMATION_FORMAT = "dwarf-with-dsym";
				ENABLE_NS_ASSERTIONS = NO;
				ENABLE_STRICT_OBJC_MSGSEND = YES;
				GCC_C_LANGUAGE_STANDARD = gnu11;
				GCC_NO_COMMON_BLOCKS = YES;
				GCC_WARN_64_TO_32_BIT_CONVERSION = YES;
				GCC_WARN_ABOUT_RETURN_TYPE = YES_ERROR;
				GCC_WARN_UNDECLARED_SELECTOR = YES;
				GCC_WARN_UNINITIALIZED_AUTOS = YES_AGGRESSIVE;
				GCC_WARN_UNUSED_FUNCTION = YES;
				GCC_WARN_UNUSED_VARIABLE = YES;
				IPHONEOS_DEPLOYMENT_TARGET = 16.2;
				MTL_ENABLE_DEBUG_INFO = NO;
				MTL_FAST_MATH = YES;
				SDKROOT = iphoneos;
				SWIFT_COMPILATION_MODE = wholemodule;
				SWIFT_OPTIMIZATION_LEVEL = "-O";
				VALIDATE_PRODUCT = YES;
			};
			name = Release;
		};
		824267482CA1884B00527CD9 /* Debug */ = {
			isa = XCBuildConfiguration;
			buildSettings = {
				ASSETCATALOG_COMPILER_APPICON_NAME = AppIcon;
				ASSETCATALOG_COMPILER_GLOBAL_ACCENT_COLOR_NAME = AccentColor;
				CODE_SIGN_STYLE = Automatic;
				CURRENT_PROJECT_VERSION = 1;
				GENERATE_INFOPLIST_FILE = YES;
				INFOPLIST_FILE = UniversityApp/Info.plist;
				INFOPLIST_KEY_UIApplicationSupportsIndirectInputEvents = YES;
				INFOPLIST_KEY_UILaunchStoryboardName = LaunchScreen;
				INFOPLIST_KEY_UIMainStoryboardFile = Main;
				INFOPLIST_KEY_UISupportedInterfaceOrientations_iPad = "UIInterfaceOrientationPortrait UIInterfaceOrientationPortraitUpsideDown UIInterfaceOrientationLandscapeLeft UIInterfaceOrientationLandscapeRight";
				INFOPLIST_KEY_UISupportedInterfaceOrientations_iPhone = "UIInterfaceOrientationPortrait UIInterfaceOrientationLandscapeLeft UIInterfaceOrientationLandscapeRight";
				LD_RUNPATH_SEARCH_PATHS = (
					"$(inherited)",
					"@executable_path/Frameworks",
				);
				MARKETING_VERSION = 1.0;
				PRODUCT_BUNDLE_IDENTIFIER = romankulikov.UniversityApp;
				PRODUCT_NAME = "$(TARGET_NAME)";
				SWIFT_EMIT_LOC_STRINGS = YES;
				SWIFT_VERSION = 5.0;
				TARGETED_DEVICE_FAMILY = "1,2";
			};
			name = Debug;
		};
		824267492CA1884B00527CD9 /* Release */ = {
			isa = XCBuildConfiguration;
			buildSettings = {
				ASSETCATALOG_COMPILER_APPICON_NAME = AppIcon;
				ASSETCATALOG_COMPILER_GLOBAL_ACCENT_COLOR_NAME = AccentColor;
				CODE_SIGN_STYLE = Automatic;
				CURRENT_PROJECT_VERSION = 1;
				GENERATE_INFOPLIST_FILE = YES;
				INFOPLIST_FILE = UniversityApp/Info.plist;
				INFOPLIST_KEY_UIApplicationSupportsIndirectInputEvents = YES;
				INFOPLIST_KEY_UILaunchStoryboardName = LaunchScreen;
				INFOPLIST_KEY_UIMainStoryboardFile = Main;
				INFOPLIST_KEY_UISupportedInterfaceOrientations_iPad = "UIInterfaceOrientationPortrait UIInterfaceOrientationPortraitUpsideDown UIInterfaceOrientationLandscapeLeft UIInterfaceOrientationLandscapeRight";
				INFOPLIST_KEY_UISupportedInterfaceOrientations_iPhone = "UIInterfaceOrientationPortrait UIInterfaceOrientationLandscapeLeft UIInterfaceOrientationLandscapeRight";
				LD_RUNPATH_SEARCH_PATHS = (
					"$(inherited)",
					"@executable_path/Frameworks",
				);
				MARKETING_VERSION = 1.0;
				PRODUCT_BUNDLE_IDENTIFIER = romankulikov.UniversityApp;
				PRODUCT_NAME = "$(TARGET_NAME)";
				SWIFT_EMIT_LOC_STRINGS = YES;
				SWIFT_VERSION = 5.0;
				TARGETED_DEVICE_FAMILY = "1,2";
			};
			name = Release;
		};
		8242674B2CA1884B00527CD9 /* Debug */ = {
			isa = XCBuildConfiguration;
			buildSettings = {
				ALWAYS_EMBED_SWIFT_STANDARD_LIBRARIES = YES;
				BUNDLE_LOADER = "$(TEST_HOST)";
				CODE_SIGN_STYLE = Automatic;
				CURRENT_PROJECT_VERSION = 1;
				GENERATE_INFOPLIST_FILE = YES;
				IPHONEOS_DEPLOYMENT_TARGET = 16.2;
				MARKETING_VERSION = 1.0;
				PRODUCT_BUNDLE_IDENTIFIER = romankulikov.UniversityAppTests;
				PRODUCT_NAME = "$(TARGET_NAME)";
				SWIFT_EMIT_LOC_STRINGS = NO;
				SWIFT_VERSION = 5.0;
				TARGETED_DEVICE_FAMILY = "1,2";
				TEST_HOST = "$(BUILT_PRODUCTS_DIR)/UniversityApp.app/$(BUNDLE_EXECUTABLE_FOLDER_PATH)/UniversityApp";
			};
			name = Debug;
		};
		8242674C2CA1884B00527CD9 /* Release */ = {
			isa = XCBuildConfiguration;
			buildSettings = {
				ALWAYS_EMBED_SWIFT_STANDARD_LIBRARIES = YES;
				BUNDLE_LOADER = "$(TEST_HOST)";
				CODE_SIGN_STYLE = Automatic;
				CURRENT_PROJECT_VERSION = 1;
				GENERATE_INFOPLIST_FILE = YES;
				IPHONEOS_DEPLOYMENT_TARGET = 16.2;
				MARKETING_VERSION = 1.0;
				PRODUCT_BUNDLE_IDENTIFIER = romankulikov.UniversityAppTests;
				PRODUCT_NAME = "$(TARGET_NAME)";
				SWIFT_EMIT_LOC_STRINGS = NO;
				SWIFT_VERSION = 5.0;
				TARGETED_DEVICE_FAMILY = "1,2";
				TEST_HOST = "$(BUILT_PRODUCTS_DIR)/UniversityApp.app/$(BUNDLE_EXECUTABLE_FOLDER_PATH)/UniversityApp";
			};
			name = Release;
		};
		8242674E2CA1884B00527CD9 /* Debug */ = {
			isa = XCBuildConfiguration;
			buildSettings = {
				ALWAYS_EMBED_SWIFT_STANDARD_LIBRARIES = YES;
				CODE_SIGN_STYLE = Automatic;
				CURRENT_PROJECT_VERSION = 1;
				GENERATE_INFOPLIST_FILE = YES;
				MARKETING_VERSION = 1.0;
				PRODUCT_BUNDLE_IDENTIFIER = romankulikov.UniversityAppUITests;
				PRODUCT_NAME = "$(TARGET_NAME)";
				SWIFT_EMIT_LOC_STRINGS = NO;
				SWIFT_VERSION = 5.0;
				TARGETED_DEVICE_FAMILY = "1,2";
				TEST_TARGET_NAME = UniversityApp;
			};
			name = Debug;
		};
		8242674F2CA1884B00527CD9 /* Release */ = {
			isa = XCBuildConfiguration;
			buildSettings = {
				ALWAYS_EMBED_SWIFT_STANDARD_LIBRARIES = YES;
				CODE_SIGN_STYLE = Automatic;
				CURRENT_PROJECT_VERSION = 1;
				GENERATE_INFOPLIST_FILE = YES;
				MARKETING_VERSION = 1.0;
				PRODUCT_BUNDLE_IDENTIFIER = romankulikov.UniversityAppUITests;
				PRODUCT_NAME = "$(TARGET_NAME)";
				SWIFT_EMIT_LOC_STRINGS = NO;
				SWIFT_VERSION = 5.0;
				TARGETED_DEVICE_FAMILY = "1,2";
				TEST_TARGET_NAME = UniversityApp;
			};
			name = Release;
		};
/* End XCBuildConfiguration section */

/* Begin XCConfigurationList section */
		824267182CA1884900527CD9 /* Build configuration list for PBXProject "UniversityApp" */ = {
			isa = XCConfigurationList;
			buildConfigurations = (
				824267452CA1884B00527CD9 /* Debug */,
				824267462CA1884B00527CD9 /* Release */,
			);
			defaultConfigurationIsVisible = 0;
			defaultConfigurationName = Release;
		};
		824267472CA1884B00527CD9 /* Build configuration list for PBXNativeTarget "UniversityApp" */ = {
			isa = XCConfigurationList;
			buildConfigurations = (
				824267482CA1884B00527CD9 /* Debug */,
				824267492CA1884B00527CD9 /* Release */,
			);
			defaultConfigurationIsVisible = 0;
			defaultConfigurationName = Release;
		};
		8242674A2CA1884B00527CD9 /* Build configuration list for PBXNativeTarget "UniversityAppTests" */ = {
			isa = XCConfigurationList;
			buildConfigurations = (
				8242674B2CA1884B00527CD9 /* Debug */,
				8242674C2CA1884B00527CD9 /* Release */,
			);
			defaultConfigurationIsVisible = 0;
			defaultConfigurationName = Release;
		};
		8242674D2CA1884B00527CD9 /* Build configuration list for PBXNativeTarget "UniversityAppUITests" */ = {
			isa = XCConfigurationList;
			buildConfigurations = (
				8242674E2CA1884B00527CD9 /* Debug */,
				8242674F2CA1884B00527CD9 /* Release */,
			);
			defaultConfigurationIsVisible = 0;
			defaultConfigurationName = Release;
		};
/* End XCConfigurationList section */
	};
	rootObject = 824267152CA1884900527CD9 /* Project object */;
}
